
Microsoft Visual Studio Solution File, Format Version 12.00
# Visual Studio 15
VisualStudioVersion = 15.0.28307.421
MinimumVisualStudioVersion = 10.0.40219.1
Project("{8BC9CEB8-8B4A-11D0-8D11-00A0C91BC942}") = "[CP3]10_201400875_김용준", "[CP3]10_201400875_김용준\[CP3]10_201400875_김용준.vcxproj", "{9597F3FC-0F72-4CF4-99C9-3F5749F8CC20}"
EndProject
Global
	GlobalSection(SolutionConfigurationPlatforms) = preSolution
		Debug|x64 = Debug|x64
		Debug|x86 = Debug|x86
		Release|x64 = Release|x64
		Release|x86 = Release|x86
	EndGlobalSection
	GlobalSection(ProjectConfigurationPlatforms) = postSolution
		{9597F3FC-0F72-4CF4-99C9-3F5749F8CC20}.Debug|x64.ActiveCfg = Debug|x64
		{9597F3FC-0F72-4CF4-99C9-3F5749F8CC20}.Debug|x64.Build.0 = Debug|x64
		{9597F3FC-0F72-4CF4-99C9-3F5749F8CC20}.Debug|x86.ActiveCfg = Debug|Win32
		{9597F3FC-0F72-4CF4-99C9-3F5749F8CC20}.Debug|x86.Build.0 = Debug|Win32
		{9597F3FC-0F72-4CF4-99C9-3F5749F8CC20}.Release|x64.ActiveCfg = Release|x64
		{9597F3FC-0F72-4CF4-99C9-3F5749F8CC20}.Release|x64.Build.0 = Release|x64
		{9597F3FC-0F72-4CF4-99C9-3F5749F8CC20}.Release|x86.ActiveCfg = Release|Win32
		{9597F3FC-0F72-4CF4-99C9-3F5749F8CC20}.Release|x86.Build.0 = Release|Win32
	EndGlobalSection
	GlobalSection(SolutionProperties) = preSolution
		HideSolutionNode = FALSE
	EndGlobalSection
	GlobalSection(ExtensibilityGlobals) = postSolution
		SolutionGuid = {DB5D1D29-AE8A-47C1-BE92-132241972C03}
	EndGlobalSection
EndGlobal
